
Microsoft Visual Studio Solution File, Format Version 12.00
# Visual Studio Version 17
VisualStudioVersion = 17.8.34511.84
MinimumVisualStudioVersion = 10.0.40219.1
Project("{FAE04EC0-301F-11D3-BF4B-00C04F79EFBC}") = "Subway", "Subway\Subway.csproj", "{61017833-B20F-4A43-A335-96CC6C6665A5}"
EndProject
Global
	GlobalSection(SolutionConfigurationPlatforms) = preSolution
		Debug|Any CPU = Debug|Any CPU
		Release|Any CPU = Release|Any CPU
	EndGlobalSection
	GlobalSection(ProjectConfigurationPlatforms) = postSolution
		{61017833-B20F-4A43-A335-96CC6C6665A5}.Debug|Any CPU.ActiveCfg = Debug|Any CPU
		{61017833-B20F-4A43-A335-96CC6C6665A5}.Debug|Any CPU.Build.0 = Debug|Any CPU
		{61017833-B20F-4A43-A335-96CC6C6665A5}.Release|Any CPU.ActiveCfg = Release|Any CPU
		{61017833-B20F-4A43-A335-96CC6C6665A5}.Release|Any CPU.Build.0 = Release|Any CPU
	EndGlobalSection
	GlobalSection(SolutionProperties) = preSolution
		HideSolutionNode = FALSE
	EndGlobalSection
	GlobalSection(ExtensibilityGlobals) = postSolution
		SolutionGuid = {B5140B3B-CE6D-4B7E-92FB-598D2973ECF1}
	EndGlobalSection
EndGlobal
